
Microsoft Visual Studio Solution File, Format Version 12.00
# Visual Studio Version 17
VisualStudioVersion = 17.2.32630.192
MinimumVisualStudioVersion = 10.0.40219.1
Project("{9A19103F-16F7-4668-BE54-9A1E7A4F7556}") = "M02_Grundlagen", "HalloWelt\M02_Grundlagen.csproj", "{77E55662-9805-45DE-B6E7-F5258346EECA}"
EndProject
Project("{9A19103F-16F7-4668-BE54-9A1E7A4F7556}") = "L02_Geschwindigkeitsrechner", "Geschwindigkeitsrechner\L02_Geschwindigkeitsrechner.csproj", "{5B4198E5-173C-4A24-BEBB-62E85333ECAE}"
EndProject
Project("{9A19103F-16F7-4668-BE54-9A1E7A4F7556}") = "M03_Array_Bedingung", "Array_Bedingung\M03_Array_Bedingung.csproj", "{B88B1B62-B81A-40EC-986A-CFA49EFC2864}"
EndProject
Project("{9A19103F-16F7-4668-BE54-9A1E7A4F7556}") = "L03_Schaltjahrrechner_Minilotto", "Schlatjahrrechner_Minilotto\L03_Schaltjahrrechner_Minilotto.csproj", "{50A5CE54-BCA3-4A26-A49C-8FEC7B70EA8B}"
EndProject
Project("{9A19103F-16F7-4668-BE54-9A1E7A4F7556}") = "M04_Schleifen_Enums", "Schleifen_Enums\M04_Schleifen_Enums.csproj", "{3F68280E-6979-40D8-B1DA-0DC6A2EB78F5}"
EndProject
Project("{9A19103F-16F7-4668-BE54-9A1E7A4F7556}") = "L04f_Taschenrechner", "Taschenrechner\L04f_Taschenrechner.csproj", "{714E1F62-C778-43E0-965B-E7A02F112794}"
EndProject
Project("{FAE04EC0-301F-11D3-BF4B-00C04F79EFBC}") = "M05_Funktionen", "Funktionen\M05_Funktionen.csproj", "{A93F6153-38CA-4C60-BE01-8C59958FFA34}"
EndProject
Project("{FAE04EC0-301F-11D3-BF4B-00C04F79EFBC}") = "M06f_OOP_Klassenbibliothek", "KlassenbibliothekBeispiel\M06f_OOP_Klassenbibliothek.csproj", "{CC02C047-92FF-4636-92F9-D95F7ECE00F0}"
EndProject
Project("{FAE04EC0-301F-11D3-BF4B-00C04F79EFBC}") = "M06f_OOP", "OOP\M06f_OOP.csproj", "{4288FDFA-C03A-42C2-8C39-65AA3A037F51}"
EndProject
Project("{FAE04EC0-301F-11D3-BF4B-00C04F79EFBC}") = "L06f_Fahrzeugpark", "Fahrzeugpark\L06f_Fahrzeugpark.csproj", "{3C817DA6-A4B7-402C-8C00-7E45F7E5342A}"
EndProject
Global
	GlobalSection(SolutionConfigurationPlatforms) = preSolution
		Debug|Any CPU = Debug|Any CPU
		Release|Any CPU = Release|Any CPU
	EndGlobalSection
	GlobalSection(ProjectConfigurationPlatforms) = postSolution
		{77E55662-9805-45DE-B6E7-F5258346EECA}.Debug|Any CPU.ActiveCfg = Debug|Any CPU
		{77E55662-9805-45DE-B6E7-F5258346EECA}.Debug|Any CPU.Build.0 = Debug|Any CPU
		{77E55662-9805-45DE-B6E7-F5258346EECA}.Release|Any CPU.ActiveCfg = Release|Any CPU
		{77E55662-9805-45DE-B6E7-F5258346EECA}.Release|Any CPU.Build.0 = Release|Any CPU
		{5B4198E5-173C-4A24-BEBB-62E85333ECAE}.Debug|Any CPU.ActiveCfg = Debug|Any CPU
		{5B4198E5-173C-4A24-BEBB-62E85333ECAE}.Debug|Any CPU.Build.0 = Debug|Any CPU
		{5B4198E5-173C-4A24-BEBB-62E85333ECAE}.Release|Any CPU.ActiveCfg = Release|Any CPU
		{5B4198E5-173C-4A24-BEBB-62E85333ECAE}.Release|Any CPU.Build.0 = Release|Any CPU
		{B88B1B62-B81A-40EC-986A-CFA49EFC2864}.Debug|Any CPU.ActiveCfg = Debug|Any CPU
		{B88B1B62-B81A-40EC-986A-CFA49EFC2864}.Debug|Any CPU.Build.0 = Debug|Any CPU
		{B88B1B62-B81A-40EC-986A-CFA49EFC2864}.Release|Any CPU.ActiveCfg = Release|Any CPU
		{B88B1B62-B81A-40EC-986A-CFA49EFC2864}.Release|Any CPU.Build.0 = Release|Any CPU
		{50A5CE54-BCA3-4A26-A49C-8FEC7B70EA8B}.Debug|Any CPU.ActiveCfg = Debug|Any CPU
		{50A5CE54-BCA3-4A26-A49C-8FEC7B70EA8B}.Debug|Any CPU.Build.0 = Debug|Any CPU
		{50A5CE54-BCA3-4A26-A49C-8FEC7B70EA8B}.Release|Any CPU.ActiveCfg = Release|Any CPU
		{50A5CE54-BCA3-4A26-A49C-8FEC7B70EA8B}.Release|Any CPU.Build.0 = Release|Any CPU
		{3F68280E-6979-40D8-B1DA-0DC6A2EB78F5}.Debug|Any CPU.ActiveCfg = Debug|Any CPU
		{3F68280E-6979-40D8-B1DA-0DC6A2EB78F5}.Debug|Any CPU.Build.0 = Debug|Any CPU
		{3F68280E-6979-40D8-B1DA-0DC6A2EB78F5}.Release|Any CPU.ActiveCfg = Release|Any CPU
		{3F68280E-6979-40D8-B1DA-0DC6A2EB78F5}.Release|Any CPU.Build.0 = Release|Any CPU
		{714E1F62-C778-43E0-965B-E7A02F112794}.Debug|Any CPU.ActiveCfg = Debug|Any CPU
		{714E1F62-C778-43E0-965B-E7A02F112794}.Debug|Any CPU.Build.0 = Debug|Any CPU
		{714E1F62-C778-43E0-965B-E7A02F112794}.Release|Any CPU.ActiveCfg = Release|Any CPU
		{714E1F62-C778-43E0-965B-E7A02F112794}.Release|Any CPU.Build.0 = Release|Any CPU
		{A93F6153-38CA-4C60-BE01-8C59958FFA34}.Debug|Any CPU.ActiveCfg = Debug|Any CPU
		{A93F6153-38CA-4C60-BE01-8C59958FFA34}.Debug|Any CPU.Build.0 = Debug|Any CPU
		{A93F6153-38CA-4C60-BE01-8C59958FFA34}.Release|Any CPU.ActiveCfg = Release|Any CPU
		{A93F6153-38CA-4C60-BE01-8C59958FFA34}.Release|Any CPU.Build.0 = Release|Any CPU
		{CC02C047-92FF-4636-92F9-D95F7ECE00F0}.Debug|Any CPU.ActiveCfg = Debug|Any CPU
		{CC02C047-92FF-4636-92F9-D95F7ECE00F0}.Debug|Any CPU.Build.0 = Debug|Any CPU
		{CC02C047-92FF-4636-92F9-D95F7ECE00F0}.Release|Any CPU.ActiveCfg = Release|Any CPU
		{CC02C047-92FF-4636-92F9-D95F7ECE00F0}.Release|Any CPU.Build.0 = Release|Any CPU
		{4288FDFA-C03A-42C2-8C39-65AA3A037F51}.Debug|Any CPU.ActiveCfg = Debug|Any CPU
		{4288FDFA-C03A-42C2-8C39-65AA3A037F51}.Debug|Any CPU.Build.0 = Debug|Any CPU
		{4288FDFA-C03A-42C2-8C39-65AA3A037F51}.Release|Any CPU.ActiveCfg = Release|Any CPU
		{4288FDFA-C03A-42C2-8C39-65AA3A037F51}.Release|Any CPU.Build.0 = Release|Any CPU
		{3C817DA6-A4B7-402C-8C00-7E45F7E5342A}.Debug|Any CPU.ActiveCfg = Debug|Any CPU
		{3C817DA6-A4B7-402C-8C00-7E45F7E5342A}.Debug|Any CPU.Build.0 = Debug|Any CPU
		{3C817DA6-A4B7-402C-8C00-7E45F7E5342A}.Release|Any CPU.ActiveCfg = Release|Any CPU
		{3C817DA6-A4B7-402C-8C00-7E45F7E5342A}.Release|Any CPU.Build.0 = Release|Any CPU
	EndGlobalSection
	GlobalSection(SolutionProperties) = preSolution
		HideSolutionNode = FALSE
	EndGlobalSection
	GlobalSection(ExtensibilityGlobals) = postSolution
		SolutionGuid = {ED55514B-0F50-4AEF-8CBA-58AF48659614}
	EndGlobalSection
EndGlobal
