
Microsoft Visual Studio Solution File, Format Version 12.00
# Visual Studio Version 17
VisualStudioVersion = 17.2.32630.192
MinimumVisualStudioVersion = 10.0.40219.1
Project("{FAE04EC0-301F-11D3-BF4B-00C04F79EFBC}") = "M01_Grundlagen", "HalloWelt\M01_Grundlagen.csproj", "{77E55662-9805-45DE-B6E7-F5258346EECA}"
EndProject
Project("{FAE04EC0-301F-11D3-BF4B-00C04F79EFBC}") = "L01_Geschwindigkeitsrechner", "Geschwindigkeitsrechner\L01_Geschwindigkeitsrechner.csproj", "{5B4198E5-173C-4A24-BEBB-62E85333ECAE}"
EndProject
Global
	GlobalSection(SolutionConfigurationPlatforms) = preSolution
		Debug|Any CPU = Debug|Any CPU
		Release|Any CPU = Release|Any CPU
	EndGlobalSection
	GlobalSection(ProjectConfigurationPlatforms) = postSolution
		{77E55662-9805-45DE-B6E7-F5258346EECA}.Debug|Any CPU.ActiveCfg = Debug|Any CPU
		{77E55662-9805-45DE-B6E7-F5258346EECA}.Debug|Any CPU.Build.0 = Debug|Any CPU
		{77E55662-9805-45DE-B6E7-F5258346EECA}.Release|Any CPU.ActiveCfg = Release|Any CPU
		{77E55662-9805-45DE-B6E7-F5258346EECA}.Release|Any CPU.Build.0 = Release|Any CPU
		{5B4198E5-173C-4A24-BEBB-62E85333ECAE}.Debug|Any CPU.ActiveCfg = Debug|Any CPU
		{5B4198E5-173C-4A24-BEBB-62E85333ECAE}.Debug|Any CPU.Build.0 = Debug|Any CPU
		{5B4198E5-173C-4A24-BEBB-62E85333ECAE}.Release|Any CPU.ActiveCfg = Release|Any CPU
		{5B4198E5-173C-4A24-BEBB-62E85333ECAE}.Release|Any CPU.Build.0 = Release|Any CPU
	EndGlobalSection
	GlobalSection(SolutionProperties) = preSolution
		HideSolutionNode = FALSE
	EndGlobalSection
	GlobalSection(ExtensibilityGlobals) = postSolution
		SolutionGuid = {ED55514B-0F50-4AEF-8CBA-58AF48659614}
	EndGlobalSection
EndGlobal
